{
  "originHash" : "1d9bdcd5203099017fe2d69f958b43d6279bd74cfbb34b7ecab5b54396f0a75d",
  "pins" : [
    {
      "identity" : "foil",
      "kind" : "remoteSourceControl",
      "location" : "https://github.com/jessesquires/Foil.git",
      "state" : {
        "revision" : "b7839568d23a05614d97d053a450ca88541fe4a5",
        "version" : "6.0.0"
      }
    },
    {
      "identity" : "swiftyjson",
      "kind" : "remoteSourceControl",
      "location" : "https://github.com/SwiftyJSON/SwiftyJSON.git",
      "state" : {
        "revision" : "2b6054efa051565954e1d2b9da831680026cd768",
        "version" : "4.3.0"
      }
    }
  ],
  "version" : 3
}
