// !$*UTF8*$!
{
	archiveVersion = 1;
	classes = {
	};
	objectVersion = 77;
	objects = {

/* Begin PBXBuildFile section */
		B0F75BB42CE1C65F000CCEEE /* MSBCore in Frameworks */ = {isa = PBXBuildFile; productRef = B0F75BB32CE1C65F000CCEEE /* MSBCore */; };
/* End PBXBuildFile section */

/* Begin PBXContainerItemProxy section */
		B0F75B852CE1C601000CCEEE /* PBXContainerItemProxy */ = {
			isa = PBXContainerItemProxy;
			containerPortal = B0F75B6B2CE1C600000CCEEE /* Project object */;
			proxyType = 1;
			remoteGlobalIDString = B0F75B722CE1C600000CCEEE;
			remoteInfo = MSBAccountsJourneyExample;
		};
		B0F75B8F2CE1C601000CCEEE /* PBXContainerItemProxy */ = {
			isa = PBXContainerItemProxy;
			containerPortal = B0F75B6B2CE1C600000CCEEE /* Project object */;
			proxyType = 1;
			remoteGlobalIDString = B0F75B722CE1C600000CCEEE;
			remoteInfo = MSBAccountsJourneyExample;
		};
/* End PBXContainerItemProxy section */

/* Begin PBXFileReference section */
		B0F75B732CE1C600000CCEEE /* MSBAccountsJourneyExample.app */ = {isa = PBXFileReference; explicitFileType = wrapper.application; includeInIndex = 0; path = MSBAccountsJourneyExample.app; sourceTree = BUILT_PRODUCTS_DIR; };
		B0F75B842CE1C601000CCEEE /* MSBAccountsJourneyExampleTests.xctest */ = {isa = PBXFileReference; explicitFileType = wrapper.cfbundle; includeInIndex = 0; path = MSBAccountsJourneyExampleTests.xctest; sourceTree = BUILT_PRODUCTS_DIR; };
		B0F75B8E2CE1C601000CCEEE /* MSBAccountsJourneyExampleUITests.xctest */ = {isa = PBXFileReference; explicitFileType = wrapper.cfbundle; includeInIndex = 0; path = MSBAccountsJourneyExampleUITests.xctest; sourceTree = BUILT_PRODUCTS_DIR; };
/* End PBXFileReference section */

/* Begin PBXFileSystemSynchronizedRootGroup section */
		B0F75B752CE1C600000CCEEE /* MSBAccountsJourneyExample */ = {
			isa = PBXFileSystemSynchronizedRootGroup;
			path = MSBAccountsJourneyExample;
			sourceTree = "<group>";
		};
		B0F75B872CE1C601000CCEEE /* MSBAccountsJourneyExampleTests */ = {
			isa = PBXFileSystemSynchronizedRootGroup;
			path = MSBAccountsJourneyExampleTests;
			sourceTree = "<group>";
		};
		B0F75B912CE1C601000CCEEE /* MSBAccountsJourneyExampleUITests */ = {
			isa = PBXFileSystemSynchronizedRootGroup;
			path = MSBAccountsJourneyExampleUITests;
			sourceTree = "<group>";
		};
/* End PBXFileSystemSynchronizedRootGroup section */

/* Begin PBXFrameworksBuildPhase section */
		B0F75B702CE1C600000CCEEE /* Frameworks */ = {
			isa = PBXFrameworksBuildPhase;
			buildActionMask = 2147483647;
			files = (
				B0F75BB42CE1C65F000CCEEE /* MSBCore in Frameworks */,
			);
			runOnlyForDeploymentPostprocessing = 0;
		};
		B0F75B812CE1C601000CCEEE /* Frameworks */ = {
			isa = PBXFrameworksBuildPhase;
			buildActionMask = 2147483647;
			files = (
			);
			runOnlyForDeploymentPostprocessing = 0;
		};
		B0F75B8B2CE1C601000CCEEE /* Frameworks */ = {
			isa = PBXFrameworksBuildPhase;
			buildActionMask = 2147483647;
			files = (
			);
			runOnlyForDeploymentPostprocessing = 0;
		};
/* End PBXFrameworksBuildPhase section */

/* Begin PBXGroup section */
		B0F75B6A2CE1C600000CCEEE = {
			isa = PBXGroup;
			children = (
				B0F75B752CE1C600000CCEEE /* MSBAccountsJourneyExample */,
				B0F75B872CE1C601000CCEEE /* MSBAccountsJourneyExampleTests */,
				B0F75B912CE1C601000CCEEE /* MSBAccountsJourneyExampleUITests */,
				B0F75BB22CE1C65F000CCEEE /* Frameworks */,
				B0F75B742CE1C600000CCEEE /* Products */,
			);
			sourceTree = "<group>";
		};
		B0F75B742CE1C600000CCEEE /* Products */ = {
			isa = PBXGroup;
			children = (
				B0F75B732CE1C600000CCEEE /* MSBAccountsJourneyExample.app */,
				B0F75B842CE1C601000CCEEE /* MSBAccountsJourneyExampleTests.xctest */,
				B0F75B8E2CE1C601000CCEEE /* MSBAccountsJourneyExampleUITests.xctest */,
			);
			name = Products;
			sourceTree = "<group>";
		};
		B0F75BB22CE1C65F000CCEEE /* Frameworks */ = {
			isa = PBXGroup;
			children = (
			);
			name = Frameworks;
			sourceTree = "<group>";
		};
/* End PBXGroup section */

/* Begin PBXNativeTarget section */
		B0F75B722CE1C600000CCEEE /* MSBAccountsJourneyExample */ = {
			isa = PBXNativeTarget;
			buildConfigurationList = B0F75B982CE1C601000CCEEE /* Build configuration list for PBXNativeTarget "MSBAccountsJourneyExample" */;
			buildPhases = (
				B0F75B6F2CE1C600000CCEEE /* Sources */,
				B0F75B702CE1C600000CCEEE /* Frameworks */,
				B0F75B712CE1C600000CCEEE /* Resources */,
			);
			buildRules = (
			);
			dependencies = (
			);
			fileSystemSynchronizedGroups = (
				B0F75B752CE1C600000CCEEE /* MSBAccountsJourneyExample */,
			);
			name = MSBAccountsJourneyExample;
			packageProductDependencies = (
				B0F75BB32CE1C65F000CCEEE /* MSBCore */,
			);
			productName = MSBAccountsJourneyExample;
			productReference = B0F75B732CE1C600000CCEEE /* MSBAccountsJourneyExample.app */;
			productType = "com.apple.product-type.application";
		};
		B0F75B832CE1C601000CCEEE /* MSBAccountsJourneyExampleTests */ = {
			isa = PBXNativeTarget;
			buildConfigurationList = B0F75B9B2CE1C601000CCEEE /* Build configuration list for PBXNativeTarget "MSBAccountsJourneyExampleTests" */;
			buildPhases = (
				B0F75B802CE1C601000CCEEE /* Sources */,
				B0F75B812CE1C601000CCEEE /* Frameworks */,
				B0F75B822CE1C601000CCEEE /* Resources */,
			);
			buildRules = (
			);
			dependencies = (
				B0F75B862CE1C601000CCEEE /* PBXTargetDependency */,
			);
			fileSystemSynchronizedGroups = (
				B0F75B872CE1C601000CCEEE /* MSBAccountsJourneyExampleTests */,
			);
			name = MSBAccountsJourneyExampleTests;
			packageProductDependencies = (
			);
			productName = MSBAccountsJourneyExampleTests;
			productReference = B0F75B842CE1C601000CCEEE /* MSBAccountsJourneyExampleTests.xctest */;
			productType = "com.apple.product-type.bundle.unit-test";
		};
		B0F75B8D2CE1C601000CCEEE /* MSBAccountsJourneyExampleUITests */ = {
			isa = PBXNativeTarget;
			buildConfigurationList = B0F75B9E2CE1C601000CCEEE /* Build configuration list for PBXNativeTarget "MSBAccountsJourneyExampleUITests" */;
			buildPhases = (
				B0F75B8A2CE1C601000CCEEE /* Sources */,
				B0F75B8B2CE1C601000CCEEE /* Frameworks */,
				B0F75B8C2CE1C601000CCEEE /* Resources */,
			);
			buildRules = (
			);
			dependencies = (
				B0F75B902CE1C601000CCEEE /* PBXTargetDependency */,
			);
			fileSystemSynchronizedGroups = (
				B0F75B912CE1C601000CCEEE /* MSBAccountsJourneyExampleUITests */,
			);
			name = MSBAccountsJourneyExampleUITests;
			packageProductDependencies = (
			);
			productName = MSBAccountsJourneyExampleUITests;
			productReference = B0F75B8E2CE1C601000CCEEE /* MSBAccountsJourneyExampleUITests.xctest */;
			productType = "com.apple.product-type.bundle.ui-testing";
		};
/* End PBXNativeTarget section */

/* Begin PBXProject section */
		B0F75B6B2CE1C600000CCEEE /* Project object */ = {
			isa = PBXProject;
			attributes = {
				BuildIndependentTargetsInParallel = 1;
				LastSwiftUpdateCheck = 1600;
				LastUpgradeCheck = 1600;
				TargetAttributes = {
					B0F75B722CE1C600000CCEEE = {
						CreatedOnToolsVersion = 16.0;
					};
					B0F75B832CE1C601000CCEEE = {
						CreatedOnToolsVersion = 16.0;
						TestTargetID = B0F75B722CE1C600000CCEEE;
					};
					B0F75B8D2CE1C601000CCEEE = {
						CreatedOnToolsVersion = 16.0;
						TestTargetID = B0F75B722CE1C600000CCEEE;
					};
				};
			};
			buildConfigurationList = B0F75B6E2CE1C600000CCEEE /* Build configuration list for PBXProject "MSBAccountsJourneyExample" */;
			developmentRegion = en;
			hasScannedForEncodings = 0;
			knownRegions = (
				en,
				Base,
			);
			mainGroup = B0F75B6A2CE1C600000CCEEE;
			minimizedProjectReferenceProxies = 1;
			packageReferences = (
				B0F75BA12CE1C610000CCEEE /* XCLocalSwiftPackageReference "../../MSBCore" */,
			);
			preferredProjectObjectVersion = 77;
			productRefGroup = B0F75B742CE1C600000CCEEE /* Products */;
			projectDirPath = "";
			projectRoot = "";
			targets = (
				B0F75B722CE1C600000CCEEE /* MSBAccountsJourneyExample */,
				B0F75B832CE1C601000CCEEE /* MSBAccountsJourneyExampleTests */,
				B0F75B8D2CE1C601000CCEEE /* MSBAccountsJourneyExampleUITests */,
			);
		};
/* End PBXProject section */

/* Begin PBXResourcesBuildPhase section */
		B0F75B712CE1C600000CCEEE /* Resources */ = {
			isa = PBXResourcesBuildPhase;
			buildActionMask = 2147483647;
			files = (
			);
			runOnlyForDeploymentPostprocessing = 0;
		};
		B0F75B822CE1C601000CCEEE /* Resources */ = {
			isa = PBXResourcesBuildPhase;
			buildActionMask = 2147483647;
			files = (
			);
			runOnlyForDeploymentPostprocessing = 0;
		};
		B0F75B8C2CE1C601000CCEEE /* Resources */ = {
			isa = PBXResourcesBuildPhase;
			buildActionMask = 2147483647;
			files = (
			);
			runOnlyForDeploymentPostprocessing = 0;
		};
/* End PBXResourcesBuildPhase section */

/* Begin PBXSourcesBuildPhase section */
		B0F75B6F2CE1C600000CCEEE /* Sources */ = {
			isa = PBXSourcesBuildPhase;
			buildActionMask = 2147483647;
			files = (
			);
			runOnlyForDeploymentPostprocessing = 0;
		};
		B0F75B802CE1C601000CCEEE /* Sources */ = {
			isa = PBXSourcesBuildPhase;
			buildActionMask = 2147483647;
			files = (
			);
			runOnlyForDeploymentPostprocessing = 0;
		};
		B0F75B8A2CE1C601000CCEEE /* Sources */ = {
			isa = PBXSourcesBuildPhase;
			buildActionMask = 2147483647;
			files = (
			);
			runOnlyForDeploymentPostprocessing = 0;
		};
/* End PBXSourcesBuildPhase section */

/* Begin PBXTargetDependency section */
		B0F75B862CE1C601000CCEEE /* PBXTargetDependency */ = {
			isa = PBXTargetDependency;
			target = B0F75B722CE1C600000CCEEE /* MSBAccountsJourneyExample */;
			targetProxy = B0F75B852CE1C601000CCEEE /* PBXContainerItemProxy */;
		};
		B0F75B902CE1C601000CCEEE /* PBXTargetDependency */ = {
			isa = PBXTargetDependency;
			target = B0F75B722CE1C600000CCEEE /* MSBAccountsJourneyExample */;
			targetProxy = B0F75B8F2CE1C601000CCEEE /* PBXContainerItemProxy */;
		};
/* End PBXTargetDependency section */

/* Begin XCBuildConfiguration section */
		B0F75B962CE1C601000CCEEE /* Debug */ = {
			isa = XCBuildConfiguration;
			buildSettings = {
				ALWAYS_SEARCH_USER_PATHS = NO;
				ASSETCATALOG_COMPILER_GENERATE_SWIFT_ASSET_SYMBOL_EXTENSIONS = YES;
				CLANG_ANALYZER_NONNULL = YES;
				CLANG_ANALYZER_NUMBER_OBJECT_CONVERSION = YES_AGGRESSIVE;
				CLANG_CXX_LANGUAGE_STANDARD = "gnu++20";
				CLANG_ENABLE_MODULES = YES;
				CLANG_ENABLE_OBJC_ARC = YES;
				CLANG_ENABLE_OBJC_WEAK = YES;
				CLANG_WARN_BLOCK_CAPTURE_AUTORELEASING = YES;
				CLANG_WARN_BOOL_CONVERSION = YES;
				CLANG_WARN_COMMA = YES;
				CLANG_WARN_CONSTANT_CONVERSION = YES;
				CLANG_WARN_DEPRECATED_OBJC_IMPLEMENTATIONS = YES;
				CLANG_WARN_DIRECT_OBJC_ISA_USAGE = YES_ERROR;
				CLANG_WARN_DOCUMENTATION_COMMENTS = YES;
				CLANG_WARN_EMPTY_BODY = YES;
				CLANG_WARN_ENUM_CONVERSION = YES;
				CLANG_WARN_INFINITE_RECURSION = YES;
				CLANG_WARN_INT_CONVERSION = YES;
				CLANG_WARN_NON_LITERAL_NULL_CONVERSION = YES;
				CLANG_WARN_OBJC_IMPLICIT_RETAIN_SELF = YES;
				CLANG_WARN_OBJC_LITERAL_CONVERSION = YES;
				CLANG_WARN_OBJC_ROOT_CLASS = YES_ERROR;
				CLANG_WARN_QUOTED_INCLUDE_IN_FRAMEWORK_HEADER = YES;
				CLANG_WARN_RANGE_LOOP_ANALYSIS = YES;
				CLANG_WARN_STRICT_PROTOTYPES = YES;
				CLANG_WARN_SUSPICIOUS_MOVE = YES;
				CLANG_WARN_UNGUARDED_AVAILABILITY = YES_AGGRESSIVE;
				CLANG_WARN_UNREACHABLE_CODE = YES;
				CLANG_WARN__DUPLICATE_METHOD_MATCH = YES;
				COPY_PHASE_STRIP = NO;
				DEBUG_INFORMATION_FORMAT = dwarf;
				ENABLE_STRICT_OBJC_MSGSEND = YES;
				ENABLE_TESTABILITY = YES;
				ENABLE_USER_SCRIPT_SANDBOXING = YES;
				GCC_C_LANGUAGE_STANDARD = gnu17;
				GCC_DYNAMIC_NO_PIC = NO;
				GCC_NO_COMMON_BLOCKS = YES;
				GCC_OPTIMIZATION_LEVEL = 0;
				GCC_PREPROCESSOR_DEFINITIONS = (
					"DEBUG=1",
					"$(inherited)",
				);
				GCC_WARN_64_TO_32_BIT_CONVERSION = YES;
				GCC_WARN_ABOUT_RETURN_TYPE = YES_ERROR;
				GCC_WARN_UNDECLARED_SELECTOR = YES;
				GCC_WARN_UNINITIALIZED_AUTOS = YES_AGGRESSIVE;
				GCC_WARN_UNUSED_FUNCTION = YES;
				GCC_WARN_UNUSED_VARIABLE = YES;
				LOCALIZATION_PREFERS_STRING_CATALOGS = YES;
				MTL_ENABLE_DEBUG_INFO = INCLUDE_SOURCE;
				MTL_FAST_MATH = YES;
				ONLY_ACTIVE_ARCH = YES;
				SWIFT_ACTIVE_COMPILATION_CONDITIONS = "DEBUG $(inherited)";
				SWIFT_OPTIMIZATION_LEVEL = "-Onone";
			};
			name = Debug;
		};
		B0F75B972CE1C601000CCEEE /* Release */ = {
			isa = XCBuildConfiguration;
			buildSettings = {
				ALWAYS_SEARCH_USER_PATHS = NO;
				ASSETCATALOG_COMPILER_GENERATE_SWIFT_ASSET_SYMBOL_EXTENSIONS = YES;
				CLANG_ANALYZER_NONNULL = YES;
				CLANG_ANALYZER_NUMBER_OBJECT_CONVERSION = YES_AGGRESSIVE;
				CLANG_CXX_LANGUAGE_STANDARD = "gnu++20";
				CLANG_ENABLE_MODULES = YES;
				CLANG_ENABLE_OBJC_ARC = YES;
				CLANG_ENABLE_OBJC_WEAK = YES;
				CLANG_WARN_BLOCK_CAPTURE_AUTORELEASING = YES;
				CLANG_WARN_BOOL_CONVERSION = YES;
				CLANG_WARN_COMMA = YES;
				CLANG_WARN_CONSTANT_CONVERSION = YES;
				CLANG_WARN_DEPRECATED_OBJC_IMPLEMENTATIONS = YES;
				CLANG_WARN_DIRECT_OBJC_ISA_USAGE = YES_ERROR;
				CLANG_WARN_DOCUMENTATION_COMMENTS = YES;
				CLANG_WARN_EMPTY_BODY = YES;
				CLANG_WARN_ENUM_CONVERSION = YES;
				CLANG_WARN_INFINITE_RECURSION = YES;
				CLANG_WARN_INT_CONVERSION = YES;
				CLANG_WARN_NON_LITERAL_NULL_CONVERSION = YES;
				CLANG_WARN_OBJC_IMPLICIT_RETAIN_SELF = YES;
				CLANG_WARN_OBJC_LITERAL_CONVERSION = YES;
				CLANG_WARN_OBJC_ROOT_CLASS = YES_ERROR;
				CLANG_WARN_QUOTED_INCLUDE_IN_FRAMEWORK_HEADER = YES;
				CLANG_WARN_RANGE_LOOP_ANALYSIS = YES;
				CLANG_WARN_STRICT_PROTOTYPES = YES;
				CLANG_WARN_SUSPICIOUS_MOVE = YES;
				CLANG_WARN_UNGUARDED_AVAILABILITY = YES_AGGRESSIVE;
				CLANG_WARN_UNREACHABLE_CODE = YES;
				CLANG_WARN__DUPLICATE_METHOD_MATCH = YES;
				COPY_PHASE_STRIP = NO;
				DEBUG_INFORMATION_FORMAT = "dwarf-with-dsym";
				ENABLE_NS_ASSERTIONS = NO;
				ENABLE_STRICT_OBJC_MSGSEND = YES;
				ENABLE_USER_SCRIPT_SANDBOXING = YES;
				GCC_C_LANGUAGE_STANDARD = gnu17;
				GCC_NO_COMMON_BLOCKS = YES;
				GCC_WARN_64_TO_32_BIT_CONVERSION = YES;
				GCC_WARN_ABOUT_RETURN_TYPE = YES_ERROR;
				GCC_WARN_UNDECLARED_SELECTOR = YES;
				GCC_WARN_UNINITIALIZED_AUTOS = YES_AGGRESSIVE;
				GCC_WARN_UNUSED_FUNCTION = YES;
				GCC_WARN_UNUSED_VARIABLE = YES;
				LOCALIZATION_PREFERS_STRING_CATALOGS = YES;
				MTL_ENABLE_DEBUG_INFO = NO;
				MTL_FAST_MATH = YES;
				SWIFT_COMPILATION_MODE = wholemodule;
			};
			name = Release;
		};
		B0F75B992CE1C601000CCEEE /* Debug */ = {
			isa = XCBuildConfiguration;
			buildSettings = {
				ASSETCATALOG_COMPILER_APPICON_NAME = AppIcon;
				ASSETCATALOG_COMPILER_GLOBAL_ACCENT_COLOR_NAME = AccentColor;
				CODE_SIGN_ENTITLEMENTS = MSBAccountsJourneyExample/MSBAccountsJourneyExample.entitlements;
				CODE_SIGN_STYLE = Automatic;
				CURRENT_PROJECT_VERSION = 1;
				DEVELOPMENT_ASSET_PATHS = "\"MSBAccountsJourneyExample/Preview Content\"";
				DEVELOPMENT_TEAM = N5J9CB2NJD;
				ENABLE_HARDENED_RUNTIME = YES;
				ENABLE_PREVIEWS = YES;
				GENERATE_INFOPLIST_FILE = YES;
				"INFOPLIST_KEY_UIApplicationSceneManifest_Generation[sdk=iphoneos*]" = YES;
				"INFOPLIST_KEY_UIApplicationSceneManifest_Generation[sdk=iphonesimulator*]" = YES;
				"INFOPLIST_KEY_UIApplicationSupportsIndirectInputEvents[sdk=iphoneos*]" = YES;
				"INFOPLIST_KEY_UIApplicationSupportsIndirectInputEvents[sdk=iphonesimulator*]" = YES;
				"INFOPLIST_KEY_UILaunchScreen_Generation[sdk=iphoneos*]" = YES;
				"INFOPLIST_KEY_UILaunchScreen_Generation[sdk=iphonesimulator*]" = YES;
				"INFOPLIST_KEY_UIStatusBarStyle[sdk=iphoneos*]" = UIStatusBarStyleDefault;
				"INFOPLIST_KEY_UIStatusBarStyle[sdk=iphonesimulator*]" = UIStatusBarStyleDefault;
				INFOPLIST_KEY_UISupportedInterfaceOrientations_iPad = "UIInterfaceOrientationPortrait UIInterfaceOrientationPortraitUpsideDown UIInterfaceOrientationLandscapeLeft UIInterfaceOrientationLandscapeRight";
				INFOPLIST_KEY_UISupportedInterfaceOrientations_iPhone = "UIInterfaceOrientationPortrait UIInterfaceOrientationLandscapeLeft UIInterfaceOrientationLandscapeRight";
				IPHONEOS_DEPLOYMENT_TARGET = 15.0;
				LD_RUNPATH_SEARCH_PATHS = "@executable_path/Frameworks";
				"LD_RUNPATH_SEARCH_PATHS[sdk=macosx*]" = "@executable_path/../Frameworks";
				MACOSX_DEPLOYMENT_TARGET = 15.0;
				MARKETING_VERSION = 1.0;
				PRODUCT_BUNDLE_IDENTIFIER = com.msb.MSBAccountsJourneyExample;
				PRODUCT_NAME = "$(TARGET_NAME)";
				SDKROOT = auto;
				SUPPORTED_PLATFORMS = "iphoneos iphonesimulator macosx xros xrsimulator";
				SWIFT_EMIT_LOC_STRINGS = YES;
				SWIFT_VERSION = 5.0;
				TARGETED_DEVICE_FAMILY = "1,2,7";
				XROS_DEPLOYMENT_TARGET = 2.0;
			};
			name = Debug;
		};
		B0F75B9A2CE1C601000CCEEE /* Release */ = {
			isa = XCBuildConfiguration;
			buildSettings = {
				ASSETCATALOG_COMPILER_APPICON_NAME = AppIcon;
				ASSETCATALOG_COMPILER_GLOBAL_ACCENT_COLOR_NAME = AccentColor;
				CODE_SIGN_ENTITLEMENTS = MSBAccountsJourneyExample/MSBAccountsJourneyExample.entitlements;
				CODE_SIGN_STYLE = Automatic;
				CURRENT_PROJECT_VERSION = 1;
				DEVELOPMENT_ASSET_PATHS = "\"MSBAccountsJourneyExample/Preview Content\"";
				DEVELOPMENT_TEAM = N5J9CB2NJD;
				ENABLE_HARDENED_RUNTIME = YES;
				ENABLE_PREVIEWS = YES;
				GENERATE_INFOPLIST_FILE = YES;
				"INFOPLIST_KEY_UIApplicationSceneManifest_Generation[sdk=iphoneos*]" = YES;
				"INFOPLIST_KEY_UIApplicationSceneManifest_Generation[sdk=iphonesimulator*]" = YES;
				"INFOPLIST_KEY_UIApplicationSupportsIndirectInputEvents[sdk=iphoneos*]" = YES;
				"INFOPLIST_KEY_UIApplicationSupportsIndirectInputEvents[sdk=iphonesimulator*]" = YES;
				"INFOPLIST_KEY_UILaunchScreen_Generation[sdk=iphoneos*]" = YES;
				"INFOPLIST_KEY_UILaunchScreen_Generation[sdk=iphonesimulator*]" = YES;
				"INFOPLIST_KEY_UIStatusBarStyle[sdk=iphoneos*]" = UIStatusBarStyleDefault;
				"INFOPLIST_KEY_UIStatusBarStyle[sdk=iphonesimulator*]" = UIStatusBarStyleDefault;
				INFOPLIST_KEY_UISupportedInterfaceOrientations_iPad = "UIInterfaceOrientationPortrait UIInterfaceOrientationPortraitUpsideDown UIInterfaceOrientationLandscapeLeft UIInterfaceOrientationLandscapeRight";
				INFOPLIST_KEY_UISupportedInterfaceOrientations_iPhone = "UIInterfaceOrientationPortrait UIInterfaceOrientationLandscapeLeft UIInterfaceOrientationLandscapeRight";
				IPHONEOS_DEPLOYMENT_TARGET = 15.0;
				LD_RUNPATH_SEARCH_PATHS = "@executable_path/Frameworks";
				"LD_RUNPATH_SEARCH_PATHS[sdk=macosx*]" = "@executable_path/../Frameworks";
				MACOSX_DEPLOYMENT_TARGET = 15.0;
				MARKETING_VERSION = 1.0;
				PRODUCT_BUNDLE_IDENTIFIER = com.msb.MSBAccountsJourneyExample;
				PRODUCT_NAME = "$(TARGET_NAME)";
				SDKROOT = auto;
				SUPPORTED_PLATFORMS = "iphoneos iphonesimulator macosx xros xrsimulator";
				SWIFT_EMIT_LOC_STRINGS = YES;
				SWIFT_VERSION = 5.0;
				TARGETED_DEVICE_FAMILY = "1,2,7";
				XROS_DEPLOYMENT_TARGET = 2.0;
			};
			name = Release;
		};
		B0F75B9C2CE1C601000CCEEE /* Debug */ = {
			isa = XCBuildConfiguration;
			buildSettings = {
				BUNDLE_LOADER = "$(TEST_HOST)";
				CODE_SIGN_STYLE = Automatic;
				CURRENT_PROJECT_VERSION = 1;
				DEVELOPMENT_TEAM = N5J9CB2NJD;
				GENERATE_INFOPLIST_FILE = YES;
				IPHONEOS_DEPLOYMENT_TARGET = 18.0;
				MACOSX_DEPLOYMENT_TARGET = 15.0;
				MARKETING_VERSION = 1.0;
				PRODUCT_BUNDLE_IDENTIFIER = com.msb.MSBAccountsJourneyExampleTests;
				PRODUCT_NAME = "$(TARGET_NAME)";
				SDKROOT = auto;
				SUPPORTED_PLATFORMS = "iphoneos iphonesimulator macosx xros xrsimulator";
				SWIFT_EMIT_LOC_STRINGS = NO;
				SWIFT_VERSION = 5.0;
				TARGETED_DEVICE_FAMILY = "1,2,7";
				TEST_HOST = "$(BUILT_PRODUCTS_DIR)/MSBAccountsJourneyExample.app/$(BUNDLE_EXECUTABLE_FOLDER_PATH)/MSBAccountsJourneyExample";
				XROS_DEPLOYMENT_TARGET = 2.0;
			};
			name = Debug;
		};
		B0F75B9D2CE1C601000CCEEE /* Release */ = {
			isa = XCBuildConfiguration;
			buildSettings = {
				BUNDLE_LOADER = "$(TEST_HOST)";
				CODE_SIGN_STYLE = Automatic;
				CURRENT_PROJECT_VERSION = 1;
				DEVELOPMENT_TEAM = N5J9CB2NJD;
				GENERATE_INFOPLIST_FILE = YES;
				IPHONEOS_DEPLOYMENT_TARGET = 18.0;
				MACOSX_DEPLOYMENT_TARGET = 15.0;
				MARKETING_VERSION = 1.0;
				PRODUCT_BUNDLE_IDENTIFIER = com.msb.MSBAccountsJourneyExampleTests;
				PRODUCT_NAME = "$(TARGET_NAME)";
				SDKROOT = auto;
				SUPPORTED_PLATFORMS = "iphoneos iphonesimulator macosx xros xrsimulator";
				SWIFT_EMIT_LOC_STRINGS = NO;
				SWIFT_VERSION = 5.0;
				TARGETED_DEVICE_FAMILY = "1,2,7";
				TEST_HOST = "$(BUILT_PRODUCTS_DIR)/MSBAccountsJourneyExample.app/$(BUNDLE_EXECUTABLE_FOLDER_PATH)/MSBAccountsJourneyExample";
				XROS_DEPLOYMENT_TARGET = 2.0;
			};
			name = Release;
		};
		B0F75B9F2CE1C601000CCEEE /* Debug */ = {
			isa = XCBuildConfiguration;
			buildSettings = {
				CODE_SIGN_STYLE = Automatic;
				CURRENT_PROJECT_VERSION = 1;
				DEVELOPMENT_TEAM = N5J9CB2NJD;
				GENERATE_INFOPLIST_FILE = YES;
				IPHONEOS_DEPLOYMENT_TARGET = 18.0;
				MACOSX_DEPLOYMENT_TARGET = 15.0;
				MARKETING_VERSION = 1.0;
				PRODUCT_BUNDLE_IDENTIFIER = com.msb.MSBAccountsJourneyExampleUITests;
				PRODUCT_NAME = "$(TARGET_NAME)";
				SDKROOT = auto;
				SUPPORTED_PLATFORMS = "iphoneos iphonesimulator macosx xros xrsimulator";
				SWIFT_EMIT_LOC_STRINGS = NO;
				SWIFT_VERSION = 5.0;
				TARGETED_DEVICE_FAMILY = "1,2,7";
				TEST_TARGET_NAME = MSBAccountsJourneyExample;
				XROS_DEPLOYMENT_TARGET = 2.0;
			};
			name = Debug;
		};
		B0F75BA02CE1C601000CCEEE /* Release */ = {
			isa = XCBuildConfiguration;
			buildSettings = {
				CODE_SIGN_STYLE = Automatic;
				CURRENT_PROJECT_VERSION = 1;
				DEVELOPMENT_TEAM = N5J9CB2NJD;
				GENERATE_INFOPLIST_FILE = YES;
				IPHONEOS_DEPLOYMENT_TARGET = 18.0;
				MACOSX_DEPLOYMENT_TARGET = 15.0;
				MARKETING_VERSION = 1.0;
				PRODUCT_BUNDLE_IDENTIFIER = com.msb.MSBAccountsJourneyExampleUITests;
				PRODUCT_NAME = "$(TARGET_NAME)";
				SDKROOT = auto;
				SUPPORTED_PLATFORMS = "iphoneos iphonesimulator macosx xros xrsimulator";
				SWIFT_EMIT_LOC_STRINGS = NO;
				SWIFT_VERSION = 5.0;
				TARGETED_DEVICE_FAMILY = "1,2,7";
				TEST_TARGET_NAME = MSBAccountsJourneyExample;
				XROS_DEPLOYMENT_TARGET = 2.0;
			};
			name = Release;
		};
/* End XCBuildConfiguration section */

/* Begin XCConfigurationList section */
		B0F75B6E2CE1C600000CCEEE /* Build configuration list for PBXProject "MSBAccountsJourneyExample" */ = {
			isa = XCConfigurationList;
			buildConfigurations = (
				B0F75B962CE1C601000CCEEE /* Debug */,
				B0F75B972CE1C601000CCEEE /* Release */,
			);
			defaultConfigurationIsVisible = 0;
			defaultConfigurationName = Release;
		};
		B0F75B982CE1C601000CCEEE /* Build configuration list for PBXNativeTarget "MSBAccountsJourneyExample" */ = {
			isa = XCConfigurationList;
			buildConfigurations = (
				B0F75B992CE1C601000CCEEE /* Debug */,
				B0F75B9A2CE1C601000CCEEE /* Release */,
			);
			defaultConfigurationIsVisible = 0;
			defaultConfigurationName = Release;
		};
		B0F75B9B2CE1C601000CCEEE /* Build configuration list for PBXNativeTarget "MSBAccountsJourneyExampleTests" */ = {
			isa = XCConfigurationList;
			buildConfigurations = (
				B0F75B9C2CE1C601000CCEEE /* Debug */,
				B0F75B9D2CE1C601000CCEEE /* Release */,
			);
			defaultConfigurationIsVisible = 0;
			defaultConfigurationName = Release;
		};
		B0F75B9E2CE1C601000CCEEE /* Build configuration list for PBXNativeTarget "MSBAccountsJourneyExampleUITests" */ = {
			isa = XCConfigurationList;
			buildConfigurations = (
				B0F75B9F2CE1C601000CCEEE /* Debug */,
				B0F75BA02CE1C601000CCEEE /* Release */,
			);
			defaultConfigurationIsVisible = 0;
			defaultConfigurationName = Release;
		};
/* End XCConfigurationList section */

/* Begin XCLocalSwiftPackageReference section */
		B0F75BA12CE1C610000CCEEE /* XCLocalSwiftPackageReference "../../MSBCore" */ = {
			isa = XCLocalSwiftPackageReference;
			relativePath = ../../MSBCore;
		};
/* End XCLocalSwiftPackageReference section */

/* Begin XCSwiftPackageProductDependency section */
		B0F75BB32CE1C65F000CCEEE /* MSBCore */ = {
			isa = XCSwiftPackageProductDependency;
			package = B0F75BA12CE1C610000CCEEE /* XCLocalSwiftPackageReference "../../MSBCore" */;
			productName = MSBCore;
		};
/* End XCSwiftPackageProductDependency section */
	};
	rootObject = B0F75B6B2CE1C600000CCEEE /* Project object */;
}
