// !$*UTF8*$!
{
	archiveVersion = 1;
	classes = {
	};
	objectVersion = 77;
	objects = {

/* Begin PBXBuildFile section */
		A958D1852D02B28400CD9B97 /* MSBAccountsJourney in Frameworks */ = {isa = PBXBuildFile; productRef = A958D1842D02B28400CD9B97 /* MSBAccountsJourney */; };
		A958D18A2D02B3AB00CD9B97 /* PluggableAppDelegate in Frameworks */ = {isa = PBXBuildFile; productRef = A958D1892D02B3AB00CD9B97 /* PluggableAppDelegate */; };
		A958D18C2D02B3AB00CD9B97 /* Atlantis in Frameworks */ = {isa = PBXBuildFile; productRef = A958D18B2D02B3AB00CD9B97 /* Atlantis */; };
/* End PBXBuildFile section */

/* Begin PBXContainerItemProxy section */
		A958CF2B2D02920C00CD9B97 /* PBXContainerItemProxy */ = {
			isa = PBXContainerItemProxy;
			containerPortal = A958CF0C2D02920A00CD9B97 /* Project object */;
			proxyType = 1;
			remoteGlobalIDString = A958CF132D02920A00CD9B97;
			remoteInfo = MSBAccountsJourneyExample;
		};
		A958CF352D02920C00CD9B97 /* PBXContainerItemProxy */ = {
			isa = PBXContainerItemProxy;
			containerPortal = A958CF0C2D02920A00CD9B97 /* Project object */;
			proxyType = 1;
			remoteGlobalIDString = A958CF132D02920A00CD9B97;
			remoteInfo = MSBAccountsJourneyExample;
		};
/* End PBXContainerItemProxy section */

/* Begin PBXFileReference section */
		A958CF142D02920A00CD9B97 /* MSBAccountsJourneyExample.app */ = {isa = PBXFileReference; explicitFileType = wrapper.application; includeInIndex = 0; path = MSBAccountsJourneyExample.app; sourceTree = BUILT_PRODUCTS_DIR; };
		A958CF2A2D02920C00CD9B97 /* MSBAccountsJourneyExampleTests.xctest */ = {isa = PBXFileReference; explicitFileType = wrapper.cfbundle; includeInIndex = 0; path = MSBAccountsJourneyExampleTests.xctest; sourceTree = BUILT_PRODUCTS_DIR; };
		A958CF342D02920C00CD9B97 /* MSBAccountsJourneyExampleUITests.xctest */ = {isa = PBXFileReference; explicitFileType = wrapper.cfbundle; includeInIndex = 0; path = MSBAccountsJourneyExampleUITests.xctest; sourceTree = BUILT_PRODUCTS_DIR; };
/* End PBXFileReference section */

/* Begin PBXFileSystemSynchronizedBuildFileExceptionSet section */
		A958CF3C2D02920C00CD9B97 /* Exceptions for "MSBAccountsJourneyExample" folder in "MSBAccountsJourneyExample" target */ = {
			isa = PBXFileSystemSynchronizedBuildFileExceptionSet;
			membershipExceptions = (
				Info.plist,
			);
			target = A958CF132D02920A00CD9B97 /* MSBAccountsJourneyExample */;
		};
/* End PBXFileSystemSynchronizedBuildFileExceptionSet section */

/* Begin PBXFileSystemSynchronizedRootGroup section */
		A958CF162D02920A00CD9B97 /* MSBAccountsJourneyExample */ = {
			isa = PBXFileSystemSynchronizedRootGroup;
			exceptions = (
				A958CF3C2D02920C00CD9B97 /* Exceptions for "MSBAccountsJourneyExample" folder in "MSBAccountsJourneyExample" target */,
			);
			path = MSBAccountsJourneyExample;
			sourceTree = "<group>";
		};
		A958CF2D2D02920C00CD9B97 /* MSBAccountsJourneyExampleTests */ = {
			isa = PBXFileSystemSynchronizedRootGroup;
			path = MSBAccountsJourneyExampleTests;
			sourceTree = "<group>";
		};
		A958CF372D02920C00CD9B97 /* MSBAccountsJourneyExampleUITests */ = {
			isa = PBXFileSystemSynchronizedRootGroup;
			path = MSBAccountsJourneyExampleUITests;
			sourceTree = "<group>";
		};
/* End PBXFileSystemSynchronizedRootGroup section */

/* Begin PBXFrameworksBuildPhase section */
		A958CF112D02920A00CD9B97 /* Frameworks */ = {
			isa = PBXFrameworksBuildPhase;
			buildActionMask = 2147483647;
			files = (
				A958D1852D02B28400CD9B97 /* MSBAccountsJourney in Frameworks */,
				A958D18C2D02B3AB00CD9B97 /* Atlantis in Frameworks */,
				A958D18A2D02B3AB00CD9B97 /* PluggableAppDelegate in Frameworks */,
			);
			runOnlyForDeploymentPostprocessing = 0;
		};
		A958CF272D02920C00CD9B97 /* Frameworks */ = {
			isa = PBXFrameworksBuildPhase;
			buildActionMask = 2147483647;
			files = (
			);
			runOnlyForDeploymentPostprocessing = 0;
		};
		A958CF312D02920C00CD9B97 /* Frameworks */ = {
			isa = PBXFrameworksBuildPhase;
			buildActionMask = 2147483647;
			files = (
			);
			runOnlyForDeploymentPostprocessing = 0;
		};
/* End PBXFrameworksBuildPhase section */

/* Begin PBXGroup section */
		A958CF0B2D02920A00CD9B97 = {
			isa = PBXGroup;
			children = (
				A958CF162D02920A00CD9B97 /* MSBAccountsJourneyExample */,
				A958CF2D2D02920C00CD9B97 /* MSBAccountsJourneyExampleTests */,
				A958CF372D02920C00CD9B97 /* MSBAccountsJourneyExampleUITests */,
				A958D1832D02B28400CD9B97 /* Frameworks */,
				A958CF152D02920A00CD9B97 /* Products */,
			);
			sourceTree = "<group>";
		};
		A958CF152D02920A00CD9B97 /* Products */ = {
			isa = PBXGroup;
			children = (
				A958CF142D02920A00CD9B97 /* MSBAccountsJourneyExample.app */,
				A958CF2A2D02920C00CD9B97 /* MSBAccountsJourneyExampleTests.xctest */,
				A958CF342D02920C00CD9B97 /* MSBAccountsJourneyExampleUITests.xctest */,
			);
			name = Products;
			sourceTree = "<group>";
		};
		A958D1832D02B28400CD9B97 /* Frameworks */ = {
			isa = PBXGroup;
			children = (
			);
			name = Frameworks;
			sourceTree = "<group>";
		};
/* End PBXGroup section */

/* Begin PBXNativeTarget section */
		A958CF132D02920A00CD9B97 /* MSBAccountsJourneyExample */ = {
			isa = PBXNativeTarget;
			buildConfigurationList = A958CF3D2D02920C00CD9B97 /* Build configuration list for PBXNativeTarget "MSBAccountsJourneyExample" */;
			buildPhases = (
				A958CF102D02920A00CD9B97 /* Sources */,
				A958CF112D02920A00CD9B97 /* Frameworks */,
				A958CF122D02920A00CD9B97 /* Resources */,
			);
			buildRules = (
			);
			dependencies = (
			);
			fileSystemSynchronizedGroups = (
				A958CF162D02920A00CD9B97 /* MSBAccountsJourneyExample */,
			);
			name = MSBAccountsJourneyExample;
			packageProductDependencies = (
				A958D1842D02B28400CD9B97 /* MSBAccountsJourney */,
				A958D1892D02B3AB00CD9B97 /* PluggableAppDelegate */,
				A958D18B2D02B3AB00CD9B97 /* Atlantis */,
			);
			productName = MSBAccountsJourneyExample;
			productReference = A958CF142D02920A00CD9B97 /* MSBAccountsJourneyExample.app */;
			productType = "com.apple.product-type.application";
		};
		A958CF292D02920C00CD9B97 /* MSBAccountsJourneyExampleTests */ = {
			isa = PBXNativeTarget;
			buildConfigurationList = A958CF422D02920C00CD9B97 /* Build configuration list for PBXNativeTarget "MSBAccountsJourneyExampleTests" */;
			buildPhases = (
				A958CF262D02920C00CD9B97 /* Sources */,
				A958CF272D02920C00CD9B97 /* Frameworks */,
				A958CF282D02920C00CD9B97 /* Resources */,
			);
			buildRules = (
			);
			dependencies = (
				A958CF2C2D02920C00CD9B97 /* PBXTargetDependency */,
			);
			fileSystemSynchronizedGroups = (
				A958CF2D2D02920C00CD9B97 /* MSBAccountsJourneyExampleTests */,
			);
			name = MSBAccountsJourneyExampleTests;
			packageProductDependencies = (
			);
			productName = MSBAccountsJourneyExampleTests;
			productReference = A958CF2A2D02920C00CD9B97 /* MSBAccountsJourneyExampleTests.xctest */;
			productType = "com.apple.product-type.bundle.unit-test";
		};
		A958CF332D02920C00CD9B97 /* MSBAccountsJourneyExampleUITests */ = {
			isa = PBXNativeTarget;
			buildConfigurationList = A958CF452D02920C00CD9B97 /* Build configuration list for PBXNativeTarget "MSBAccountsJourneyExampleUITests" */;
			buildPhases = (
				A958CF302D02920C00CD9B97 /* Sources */,
				A958CF312D02920C00CD9B97 /* Frameworks */,
				A958CF322D02920C00CD9B97 /* Resources */,
			);
			buildRules = (
			);
			dependencies = (
				A958CF362D02920C00CD9B97 /* PBXTargetDependency */,
			);
			fileSystemSynchronizedGroups = (
				A958CF372D02920C00CD9B97 /* MSBAccountsJourneyExampleUITests */,
			);
			name = MSBAccountsJourneyExampleUITests;
			packageProductDependencies = (
			);
			productName = MSBAccountsJourneyExampleUITests;
			productReference = A958CF342D02920C00CD9B97 /* MSBAccountsJourneyExampleUITests.xctest */;
			productType = "com.apple.product-type.bundle.ui-testing";
		};
/* End PBXNativeTarget section */

/* Begin PBXProject section */
		A958CF0C2D02920A00CD9B97 /* Project object */ = {
			isa = PBXProject;
			attributes = {
				BuildIndependentTargetsInParallel = 1;
				LastSwiftUpdateCheck = 1610;
				LastUpgradeCheck = 1610;
				TargetAttributes = {
					A958CF132D02920A00CD9B97 = {
						CreatedOnToolsVersion = 16.1;
					};
					A958CF292D02920C00CD9B97 = {
						CreatedOnToolsVersion = 16.1;
						TestTargetID = A958CF132D02920A00CD9B97;
					};
					A958CF332D02920C00CD9B97 = {
						CreatedOnToolsVersion = 16.1;
						TestTargetID = A958CF132D02920A00CD9B97;
					};
				};
			};
			buildConfigurationList = A958CF0F2D02920A00CD9B97 /* Build configuration list for PBXProject "MSBAccountsJourneyExample" */;
			developmentRegion = en;
			hasScannedForEncodings = 0;
			knownRegions = (
				en,
				Base,
			);
			mainGroup = A958CF0B2D02920A00CD9B97;
			minimizedProjectReferenceProxies = 1;
			packageReferences = (
				A958CF482D02922600CD9B97 /* XCLocalSwiftPackageReference "../../MSBAccountsJourney" */,
				A958D1862D02B35400CD9B97 /* XCLocalSwiftPackageReference "../../MSBPublicLibs/PluggableAppDelegate" */,
				A958D1872D02B37600CD9B97 /* XCRemoteSwiftPackageReference "atlantis" */,
			);
			preferredProjectObjectVersion = 77;
			productRefGroup = A958CF152D02920A00CD9B97 /* Products */;
			projectDirPath = "";
			projectRoot = "";
			targets = (
				A958CF132D02920A00CD9B97 /* MSBAccountsJourneyExample */,
				A958CF292D02920C00CD9B97 /* MSBAccountsJourneyExampleTests */,
				A958CF332D02920C00CD9B97 /* MSBAccountsJourneyExampleUITests */,
			);
		};
/* End PBXProject section */

/* Begin PBXResourcesBuildPhase section */
		A958CF122D02920A00CD9B97 /* Resources */ = {
			isa = PBXResourcesBuildPhase;
			buildActionMask = 2147483647;
			files = (
			);
			runOnlyForDeploymentPostprocessing = 0;
		};
		A958CF282D02920C00CD9B97 /* Resources */ = {
			isa = PBXResourcesBuildPhase;
			buildActionMask = 2147483647;
			files = (
			);
			runOnlyForDeploymentPostprocessing = 0;
		};
		A958CF322D02920C00CD9B97 /* Resources */ = {
			isa = PBXResourcesBuildPhase;
			buildActionMask = 2147483647;
			files = (
			);
			runOnlyForDeploymentPostprocessing = 0;
		};
/* End PBXResourcesBuildPhase section */

/* Begin PBXSourcesBuildPhase section */
		A958CF102D02920A00CD9B97 /* Sources */ = {
			isa = PBXSourcesBuildPhase;
			buildActionMask = 2147483647;
			files = (
			);
			runOnlyForDeploymentPostprocessing = 0;
		};
		A958CF262D02920C00CD9B97 /* Sources */ = {
			isa = PBXSourcesBuildPhase;
			buildActionMask = 2147483647;
			files = (
			);
			runOnlyForDeploymentPostprocessing = 0;
		};
		A958CF302D02920C00CD9B97 /* Sources */ = {
			isa = PBXSourcesBuildPhase;
			buildActionMask = 2147483647;
			files = (
			);
			runOnlyForDeploymentPostprocessing = 0;
		};
/* End PBXSourcesBuildPhase section */

/* Begin PBXTargetDependency section */
		A958CF2C2D02920C00CD9B97 /* PBXTargetDependency */ = {
			isa = PBXTargetDependency;
			target = A958CF132D02920A00CD9B97 /* MSBAccountsJourneyExample */;
			targetProxy = A958CF2B2D02920C00CD9B97 /* PBXContainerItemProxy */;
		};
		A958CF362D02920C00CD9B97 /* PBXTargetDependency */ = {
			isa = PBXTargetDependency;
			target = A958CF132D02920A00CD9B97 /* MSBAccountsJourneyExample */;
			targetProxy = A958CF352D02920C00CD9B97 /* PBXContainerItemProxy */;
		};
/* End PBXTargetDependency section */

/* Begin XCBuildConfiguration section */
		A958CF3E2D02920C00CD9B97 /* Debug */ = {
			isa = XCBuildConfiguration;
			buildSettings = {
				ASSETCATALOG_COMPILER_APPICON_NAME = AppIcon;
				ASSETCATALOG_COMPILER_GLOBAL_ACCENT_COLOR_NAME = AccentColor;
				CODE_SIGN_STYLE = Automatic;
				CURRENT_PROJECT_VERSION = 1;
				GENERATE_INFOPLIST_FILE = YES;
				INFOPLIST_FILE = MSBAccountsJourneyExample/Info.plist;
				INFOPLIST_KEY_UIApplicationSupportsIndirectInputEvents = YES;
				INFOPLIST_KEY_UILaunchStoryboardName = LaunchScreen;
				INFOPLIST_KEY_UIMainStoryboardFile = "";
				INFOPLIST_KEY_UIRequiresFullScreen = YES;
				INFOPLIST_KEY_UISupportedInterfaceOrientations_iPad = "UIInterfaceOrientationPortrait UIInterfaceOrientationPortraitUpsideDown UIInterfaceOrientationLandscapeLeft UIInterfaceOrientationLandscapeRight";
				INFOPLIST_KEY_UISupportedInterfaceOrientations_iPhone = "UIInterfaceOrientationPortrait UIInterfaceOrientationLandscapeLeft UIInterfaceOrientationLandscapeRight";
				IPHONEOS_DEPLOYMENT_TARGET = 15;
				LD_RUNPATH_SEARCH_PATHS = (
					"$(inherited)",
					"@executable_path/Frameworks",
				);
				MARKETING_VERSION = 1.0;
				PRODUCT_BUNDLE_IDENTIFIER = com.msb.account.MSBAccountsJourneyExample;
				PRODUCT_NAME = "$(TARGET_NAME)";
				SWIFT_EMIT_LOC_STRINGS = YES;
				SWIFT_VERSION = 5.0;
				TARGETED_DEVICE_FAMILY = "1,2";
			};
			name = Debug;
		};
		A958CF3F2D02920C00CD9B97 /* Release */ = {
			isa = XCBuildConfiguration;
			buildSettings = {
				ASSETCATALOG_COMPILER_APPICON_NAME = AppIcon;
				ASSETCATALOG_COMPILER_GLOBAL_ACCENT_COLOR_NAME = AccentColor;
				CODE_SIGN_STYLE = Automatic;
				CURRENT_PROJECT_VERSION = 1;
				GENERATE_INFOPLIST_FILE = YES;
				INFOPLIST_FILE = MSBAccountsJourneyExample/Info.plist;
				INFOPLIST_KEY_UIApplicationSupportsIndirectInputEvents = YES;
				INFOPLIST_KEY_UILaunchStoryboardName = LaunchScreen;
				INFOPLIST_KEY_UIMainStoryboardFile = "";
				INFOPLIST_KEY_UIRequiresFullScreen = YES;
				INFOPLIST_KEY_UISupportedInterfaceOrientations_iPad = "UIInterfaceOrientationPortrait UIInterfaceOrientationPortraitUpsideDown UIInterfaceOrientationLandscapeLeft UIInterfaceOrientationLandscapeRight";
				INFOPLIST_KEY_UISupportedInterfaceOrientations_iPhone = "UIInterfaceOrientationPortrait UIInterfaceOrientationLandscapeLeft UIInterfaceOrientationLandscapeRight";
				IPHONEOS_DEPLOYMENT_TARGET = 15;
				LD_RUNPATH_SEARCH_PATHS = (
					"$(inherited)",
					"@executable_path/Frameworks",
				);
				MARKETING_VERSION = 1.0;
				PRODUCT_BUNDLE_IDENTIFIER = com.msb.account.MSBAccountsJourneyExample;
				PRODUCT_NAME = "$(TARGET_NAME)";
				SWIFT_EMIT_LOC_STRINGS = YES;
				SWIFT_VERSION = 5.0;
				TARGETED_DEVICE_FAMILY = "1,2";
			};
			name = Release;
		};
		A958CF402D02920C00CD9B97 /* Debug */ = {
			isa = XCBuildConfiguration;
			buildSettings = {
				ALWAYS_SEARCH_USER_PATHS = NO;
				ASSETCATALOG_COMPILER_GENERATE_SWIFT_ASSET_SYMBOL_EXTENSIONS = YES;
				CLANG_ANALYZER_NONNULL = YES;
				CLANG_ANALYZER_NUMBER_OBJECT_CONVERSION = YES_AGGRESSIVE;
				CLANG_CXX_LANGUAGE_STANDARD = "gnu++20";
				CLANG_ENABLE_MODULES = YES;
				CLANG_ENABLE_OBJC_ARC = YES;
				CLANG_ENABLE_OBJC_WEAK = YES;
				CLANG_WARN_BLOCK_CAPTURE_AUTORELEASING = YES;
				CLANG_WARN_BOOL_CONVERSION = YES;
				CLANG_WARN_COMMA = YES;
				CLANG_WARN_CONSTANT_CONVERSION = YES;
				CLANG_WARN_DEPRECATED_OBJC_IMPLEMENTATIONS = YES;
				CLANG_WARN_DIRECT_OBJC_ISA_USAGE = YES_ERROR;
				CLANG_WARN_DOCUMENTATION_COMMENTS = YES;
				CLANG_WARN_EMPTY_BODY = YES;
				CLANG_WARN_ENUM_CONVERSION = YES;
				CLANG_WARN_INFINITE_RECURSION = YES;
				CLANG_WARN_INT_CONVERSION = YES;
				CLANG_WARN_NON_LITERAL_NULL_CONVERSION = YES;
				CLANG_WARN_OBJC_IMPLICIT_RETAIN_SELF = YES;
				CLANG_WARN_OBJC_LITERAL_CONVERSION = YES;
				CLANG_WARN_OBJC_ROOT_CLASS = YES_ERROR;
				CLANG_WARN_QUOTED_INCLUDE_IN_FRAMEWORK_HEADER = YES;
				CLANG_WARN_RANGE_LOOP_ANALYSIS = YES;
				CLANG_WARN_STRICT_PROTOTYPES = YES;
				CLANG_WARN_SUSPICIOUS_MOVE = YES;
				CLANG_WARN_UNGUARDED_AVAILABILITY = YES_AGGRESSIVE;
				CLANG_WARN_UNREACHABLE_CODE = YES;
				CLANG_WARN__DUPLICATE_METHOD_MATCH = YES;
				COPY_PHASE_STRIP = NO;
				DEBUG_INFORMATION_FORMAT = dwarf;
				ENABLE_STRICT_OBJC_MSGSEND = YES;
				ENABLE_TESTABILITY = YES;
				ENABLE_USER_SCRIPT_SANDBOXING = YES;
				GCC_C_LANGUAGE_STANDARD = gnu17;
				GCC_DYNAMIC_NO_PIC = NO;
				GCC_NO_COMMON_BLOCKS = YES;
				GCC_OPTIMIZATION_LEVEL = 0;
				GCC_PREPROCESSOR_DEFINITIONS = (
					"DEBUG=1",
					"$(inherited)",
				);
				GCC_WARN_64_TO_32_BIT_CONVERSION = YES;
				GCC_WARN_ABOUT_RETURN_TYPE = YES_ERROR;
				GCC_WARN_UNDECLARED_SELECTOR = YES;
				GCC_WARN_UNINITIALIZED_AUTOS = YES_AGGRESSIVE;
				GCC_WARN_UNUSED_FUNCTION = YES;
				GCC_WARN_UNUSED_VARIABLE = YES;
				IPHONEOS_DEPLOYMENT_TARGET = 18.1;
				LOCALIZATION_PREFERS_STRING_CATALOGS = YES;
				MTL_ENABLE_DEBUG_INFO = INCLUDE_SOURCE;
				MTL_FAST_MATH = YES;
				ONLY_ACTIVE_ARCH = YES;
				SDKROOT = iphoneos;
				SWIFT_ACTIVE_COMPILATION_CONDITIONS = "DEBUG $(inherited)";
				SWIFT_OPTIMIZATION_LEVEL = "-Onone";
			};
			name = Debug;
		};
		A958CF412D02920C00CD9B97 /* Release */ = {
			isa = XCBuildConfiguration;
			buildSettings = {
				ALWAYS_SEARCH_USER_PATHS = NO;
				ASSETCATALOG_COMPILER_GENERATE_SWIFT_ASSET_SYMBOL_EXTENSIONS = YES;
				CLANG_ANALYZER_NONNULL = YES;
				CLANG_ANALYZER_NUMBER_OBJECT_CONVERSION = YES_AGGRESSIVE;
				CLANG_CXX_LANGUAGE_STANDARD = "gnu++20";
				CLANG_ENABLE_MODULES = YES;
				CLANG_ENABLE_OBJC_ARC = YES;
				CLANG_ENABLE_OBJC_WEAK = YES;
				CLANG_WARN_BLOCK_CAPTURE_AUTORELEASING = YES;
				CLANG_WARN_BOOL_CONVERSION = YES;
				CLANG_WARN_COMMA = YES;
				CLANG_WARN_CONSTANT_CONVERSION = YES;
				CLANG_WARN_DEPRECATED_OBJC_IMPLEMENTATIONS = YES;
				CLANG_WARN_DIRECT_OBJC_ISA_USAGE = YES_ERROR;
				CLANG_WARN_DOCUMENTATION_COMMENTS = YES;
				CLANG_WARN_EMPTY_BODY = YES;
				CLANG_WARN_ENUM_CONVERSION = YES;
				CLANG_WARN_INFINITE_RECURSION = YES;
				CLANG_WARN_INT_CONVERSION = YES;
				CLANG_WARN_NON_LITERAL_NULL_CONVERSION = YES;
				CLANG_WARN_OBJC_IMPLICIT_RETAIN_SELF = YES;
				CLANG_WARN_OBJC_LITERAL_CONVERSION = YES;
				CLANG_WARN_OBJC_ROOT_CLASS = YES_ERROR;
				CLANG_WARN_QUOTED_INCLUDE_IN_FRAMEWORK_HEADER = YES;
				CLANG_WARN_RANGE_LOOP_ANALYSIS = YES;
				CLANG_WARN_STRICT_PROTOTYPES = YES;
				CLANG_WARN_SUSPICIOUS_MOVE = YES;
				CLANG_WARN_UNGUARDED_AVAILABILITY = YES_AGGRESSIVE;
				CLANG_WARN_UNREACHABLE_CODE = YES;
				CLANG_WARN__DUPLICATE_METHOD_MATCH = YES;
				COPY_PHASE_STRIP = NO;
				DEBUG_INFORMATION_FORMAT = "dwarf-with-dsym";
				ENABLE_NS_ASSERTIONS = NO;
				ENABLE_STRICT_OBJC_MSGSEND = YES;
				ENABLE_USER_SCRIPT_SANDBOXING = YES;
				GCC_C_LANGUAGE_STANDARD = gnu17;
				GCC_NO_COMMON_BLOCKS = YES;
				GCC_WARN_64_TO_32_BIT_CONVERSION = YES;
				GCC_WARN_ABOUT_RETURN_TYPE = YES_ERROR;
				GCC_WARN_UNDECLARED_SELECTOR = YES;
				GCC_WARN_UNINITIALIZED_AUTOS = YES_AGGRESSIVE;
				GCC_WARN_UNUSED_FUNCTION = YES;
				GCC_WARN_UNUSED_VARIABLE = YES;
				IPHONEOS_DEPLOYMENT_TARGET = 18.1;
				LOCALIZATION_PREFERS_STRING_CATALOGS = YES;
				MTL_ENABLE_DEBUG_INFO = NO;
				MTL_FAST_MATH = YES;
				SDKROOT = iphoneos;
				SWIFT_COMPILATION_MODE = wholemodule;
				VALIDATE_PRODUCT = YES;
			};
			name = Release;
		};
		A958CF432D02920C00CD9B97 /* Debug */ = {
			isa = XCBuildConfiguration;
			buildSettings = {
				BUNDLE_LOADER = "$(TEST_HOST)";
				CODE_SIGN_STYLE = Automatic;
				CURRENT_PROJECT_VERSION = 1;
				GENERATE_INFOPLIST_FILE = YES;
				IPHONEOS_DEPLOYMENT_TARGET = 18.1;
				MARKETING_VERSION = 1.0;
				PRODUCT_BUNDLE_IDENTIFIER = com.msb.account.MSBAccountsJourneyExampleTests;
				PRODUCT_NAME = "$(TARGET_NAME)";
				SWIFT_EMIT_LOC_STRINGS = NO;
				SWIFT_VERSION = 5.0;
				TARGETED_DEVICE_FAMILY = "1,2";
				TEST_HOST = "$(BUILT_PRODUCTS_DIR)/MSBAccountsJourneyExample.app/$(BUNDLE_EXECUTABLE_FOLDER_PATH)/MSBAccountsJourneyExample";
			};
			name = Debug;
		};
		A958CF442D02920C00CD9B97 /* Release */ = {
			isa = XCBuildConfiguration;
			buildSettings = {
				BUNDLE_LOADER = "$(TEST_HOST)";
				CODE_SIGN_STYLE = Automatic;
				CURRENT_PROJECT_VERSION = 1;
				GENERATE_INFOPLIST_FILE = YES;
				IPHONEOS_DEPLOYMENT_TARGET = 18.1;
				MARKETING_VERSION = 1.0;
				PRODUCT_BUNDLE_IDENTIFIER = com.msb.account.MSBAccountsJourneyExampleTests;
				PRODUCT_NAME = "$(TARGET_NAME)";
				SWIFT_EMIT_LOC_STRINGS = NO;
				SWIFT_VERSION = 5.0;
				TARGETED_DEVICE_FAMILY = "1,2";
				TEST_HOST = "$(BUILT_PRODUCTS_DIR)/MSBAccountsJourneyExample.app/$(BUNDLE_EXECUTABLE_FOLDER_PATH)/MSBAccountsJourneyExample";
			};
			name = Release;
		};
		A958CF462D02920C00CD9B97 /* Debug */ = {
			isa = XCBuildConfiguration;
			buildSettings = {
				CODE_SIGN_STYLE = Automatic;
				CURRENT_PROJECT_VERSION = 1;
				GENERATE_INFOPLIST_FILE = YES;
				MARKETING_VERSION = 1.0;
				PRODUCT_BUNDLE_IDENTIFIER = com.msb.account.MSBAccountsJourneyExampleUITests;
				PRODUCT_NAME = "$(TARGET_NAME)";
				SWIFT_EMIT_LOC_STRINGS = NO;
				SWIFT_VERSION = 5.0;
				TARGETED_DEVICE_FAMILY = "1,2";
				TEST_TARGET_NAME = MSBAccountsJourneyExample;
			};
			name = Debug;
		};
		A958CF472D02920C00CD9B97 /* Release */ = {
			isa = XCBuildConfiguration;
			buildSettings = {
				CODE_SIGN_STYLE = Automatic;
				CURRENT_PROJECT_VERSION = 1;
				GENERATE_INFOPLIST_FILE = YES;
				MARKETING_VERSION = 1.0;
				PRODUCT_BUNDLE_IDENTIFIER = com.msb.account.MSBAccountsJourneyExampleUITests;
				PRODUCT_NAME = "$(TARGET_NAME)";
				SWIFT_EMIT_LOC_STRINGS = NO;
				SWIFT_VERSION = 5.0;
				TARGETED_DEVICE_FAMILY = "1,2";
				TEST_TARGET_NAME = MSBAccountsJourneyExample;
			};
			name = Release;
		};
/* End XCBuildConfiguration section */

/* Begin XCConfigurationList section */
		A958CF0F2D02920A00CD9B97 /* Build configuration list for PBXProject "MSBAccountsJourneyExample" */ = {
			isa = XCConfigurationList;
			buildConfigurations = (
				A958CF402D02920C00CD9B97 /* Debug */,
				A958CF412D02920C00CD9B97 /* Release */,
			);
			defaultConfigurationIsVisible = 0;
			defaultConfigurationName = Release;
		};
		A958CF3D2D02920C00CD9B97 /* Build configuration list for PBXNativeTarget "MSBAccountsJourneyExample" */ = {
			isa = XCConfigurationList;
			buildConfigurations = (
				A958CF3E2D02920C00CD9B97 /* Debug */,
				A958CF3F2D02920C00CD9B97 /* Release */,
			);
			defaultConfigurationIsVisible = 0;
			defaultConfigurationName = Release;
		};
		A958CF422D02920C00CD9B97 /* Build configuration list for PBXNativeTarget "MSBAccountsJourneyExampleTests" */ = {
			isa = XCConfigurationList;
			buildConfigurations = (
				A958CF432D02920C00CD9B97 /* Debug */,
				A958CF442D02920C00CD9B97 /* Release */,
			);
			defaultConfigurationIsVisible = 0;
			defaultConfigurationName = Release;
		};
		A958CF452D02920C00CD9B97 /* Build configuration list for PBXNativeTarget "MSBAccountsJourneyExampleUITests" */ = {
			isa = XCConfigurationList;
			buildConfigurations = (
				A958CF462D02920C00CD9B97 /* Debug */,
				A958CF472D02920C00CD9B97 /* Release */,
			);
			defaultConfigurationIsVisible = 0;
			defaultConfigurationName = Release;
		};
/* End XCConfigurationList section */

/* Begin XCLocalSwiftPackageReference section */
		A958CF482D02922600CD9B97 /* XCLocalSwiftPackageReference "../../MSBAccountsJourney" */ = {
			isa = XCLocalSwiftPackageReference;
			relativePath = ../../MSBAccountsJourney;
		};
		A958D1862D02B35400CD9B97 /* XCLocalSwiftPackageReference "../../MSBPublicLibs/PluggableAppDelegate" */ = {
			isa = XCLocalSwiftPackageReference;
			relativePath = ../../MSBPublicLibs/PluggableAppDelegate;
		};
/* End XCLocalSwiftPackageReference section */

/* Begin XCRemoteSwiftPackageReference section */
		A958D1872D02B37600CD9B97 /* XCRemoteSwiftPackageReference "atlantis" */ = {
			isa = XCRemoteSwiftPackageReference;
			repositoryURL = "https://github.com/ProxymanApp/atlantis";
			requirement = {
				kind = upToNextMajorVersion;
				minimumVersion = 1.26.0;
			};
		};
/* End XCRemoteSwiftPackageReference section */

/* Begin XCSwiftPackageProductDependency section */
		A958D1842D02B28400CD9B97 /* MSBAccountsJourney */ = {
			isa = XCSwiftPackageProductDependency;
			package = A958CF482D02922600CD9B97 /* XCLocalSwiftPackageReference "../../MSBAccountsJourney" */;
			productName = MSBAccountsJourney;
		};
		A958D1892D02B3AB00CD9B97 /* PluggableAppDelegate */ = {
			isa = XCSwiftPackageProductDependency;
			package = A958D1862D02B35400CD9B97 /* XCLocalSwiftPackageReference "../../MSBPublicLibs/PluggableAppDelegate" */;
			productName = PluggableAppDelegate;
		};
		A958D18B2D02B3AB00CD9B97 /* Atlantis */ = {
			isa = XCSwiftPackageProductDependency;
			package = A958D1872D02B37600CD9B97 /* XCRemoteSwiftPackageReference "atlantis" */;
			productName = Atlantis;
		};
/* End XCSwiftPackageProductDependency section */
	};
	rootObject = A958CF0C2D02920A00CD9B97 /* Project object */;
}
